
Microsoft Visual Studio Solution File, Format Version 12.00
# Visual Studio 14
VisualStudioVersion = 14.0.24720.0
MinimumVisualStudioVersion = 10.0.40219.1
Project("{9092AA53-FB77-4645-B42D-1CCCA6BD08BD}") = "OBDFakeServer", "..\OBDFakeServer\OBDFakeServer\OBDFakeServer.njsproj", "{84ADD211-6BF4-402C-ABDA-7639430AC7A6}"
EndProject
Project("{FAE04EC0-301F-11D3-BF4B-00C04F79EFBC}") = "Azure.DeviceCreate", "Azure.DeviceCreate\Azure.DeviceCreate.csproj", "{889D2149-34F1-43AD-BC27-4811525C0471}"
EndProject
Project("{2150E333-8FDC-42A3-9474-1A3956D46DE8}") = "Hardware", "Hardware", "{2376FA6D-F890-4811-905C-E43EC958F59D}"
EndProject
Project("{FAE04EC0-301F-11D3-BF4B-00C04F79EFBC}") = "SBA.OBD.Dongle", "SBA.OBD.Dongle\SBA.OBD.Dongle.csproj", "{AD2AD337-25B6-410B-BE94-FD167ABE6102}"
EndProject
Project("{2150E333-8FDC-42A3-9474-1A3956D46DE8}") = "Storage", "Storage", "{449ABD49-E8F3-4D0C-8F5F-6E07053A4BA1}"
EndProject
Project("{FAE04EC0-301F-11D3-BF4B-00C04F79EFBC}") = "SBA.OBD.Storage", "SBA.OBD.Storage\SBA.OBD.Storage.csproj", "{7966168B-6BB2-44FD-90CE-1D61D59F477B}"
EndProject
Project("{FAE04EC0-301F-11D3-BF4B-00C04F79EFBC}") = "SBA.FW", "SBA.FW\SBA.FW.csproj", "{366FC9E5-9D30-4D94-90F0-DB2AD0338C88}"
EndProject
Project("{FAE04EC0-301F-11D3-BF4B-00C04F79EFBC}") = "SBA.OBD.UI", "SBA.OBD.UI\SBA.OBD.UI.csproj", "{B2C714E0-53D7-4FD1-A4F7-B7A3F686DCA0}"
EndProject
Global
	GlobalSection(SolutionConfigurationPlatforms) = preSolution
		Debug|Any CPU = Debug|Any CPU
		Debug|ARM = Debug|ARM
		Debug|x64 = Debug|x64
		Debug|x86 = Debug|x86
		Release|Any CPU = Release|Any CPU
		Release|ARM = Release|ARM
		Release|x64 = Release|x64
		Release|x86 = Release|x86
	EndGlobalSection
	GlobalSection(ProjectConfigurationPlatforms) = postSolution
		{84ADD211-6BF4-402C-ABDA-7639430AC7A6}.Debug|Any CPU.ActiveCfg = Debug|Any CPU
		{84ADD211-6BF4-402C-ABDA-7639430AC7A6}.Debug|Any CPU.Build.0 = Debug|Any CPU
		{84ADD211-6BF4-402C-ABDA-7639430AC7A6}.Debug|ARM.ActiveCfg = Debug|Any CPU
		{84ADD211-6BF4-402C-ABDA-7639430AC7A6}.Debug|ARM.Build.0 = Debug|Any CPU
		{84ADD211-6BF4-402C-ABDA-7639430AC7A6}.Debug|x64.ActiveCfg = Debug|Any CPU
		{84ADD211-6BF4-402C-ABDA-7639430AC7A6}.Debug|x64.Build.0 = Debug|Any CPU
		{84ADD211-6BF4-402C-ABDA-7639430AC7A6}.Debug|x86.ActiveCfg = Debug|Any CPU
		{84ADD211-6BF4-402C-ABDA-7639430AC7A6}.Debug|x86.Build.0 = Debug|Any CPU
		{84ADD211-6BF4-402C-ABDA-7639430AC7A6}.Release|Any CPU.ActiveCfg = Release|Any CPU
		{84ADD211-6BF4-402C-ABDA-7639430AC7A6}.Release|Any CPU.Build.0 = Release|Any CPU
		{84ADD211-6BF4-402C-ABDA-7639430AC7A6}.Release|ARM.ActiveCfg = Release|Any CPU
		{84ADD211-6BF4-402C-ABDA-7639430AC7A6}.Release|ARM.Build.0 = Release|Any CPU
		{84ADD211-6BF4-402C-ABDA-7639430AC7A6}.Release|x64.ActiveCfg = Release|Any CPU
		{84ADD211-6BF4-402C-ABDA-7639430AC7A6}.Release|x64.Build.0 = Release|Any CPU
		{84ADD211-6BF4-402C-ABDA-7639430AC7A6}.Release|x86.ActiveCfg = Release|Any CPU
		{84ADD211-6BF4-402C-ABDA-7639430AC7A6}.Release|x86.Build.0 = Release|Any CPU
		{889D2149-34F1-43AD-BC27-4811525C0471}.Debug|Any CPU.ActiveCfg = Debug|Any CPU
		{889D2149-34F1-43AD-BC27-4811525C0471}.Debug|Any CPU.Build.0 = Debug|Any CPU
		{889D2149-34F1-43AD-BC27-4811525C0471}.Debug|ARM.ActiveCfg = Debug|Any CPU
		{889D2149-34F1-43AD-BC27-4811525C0471}.Debug|ARM.Build.0 = Debug|Any CPU
		{889D2149-34F1-43AD-BC27-4811525C0471}.Debug|x64.ActiveCfg = Debug|Any CPU
		{889D2149-34F1-43AD-BC27-4811525C0471}.Debug|x64.Build.0 = Debug|Any CPU
		{889D2149-34F1-43AD-BC27-4811525C0471}.Debug|x86.ActiveCfg = Debug|Any CPU
		{889D2149-34F1-43AD-BC27-4811525C0471}.Debug|x86.Build.0 = Debug|Any CPU
		{889D2149-34F1-43AD-BC27-4811525C0471}.Release|Any CPU.ActiveCfg = Release|Any CPU
		{889D2149-34F1-43AD-BC27-4811525C0471}.Release|Any CPU.Build.0 = Release|Any CPU
		{889D2149-34F1-43AD-BC27-4811525C0471}.Release|ARM.ActiveCfg = Release|Any CPU
		{889D2149-34F1-43AD-BC27-4811525C0471}.Release|ARM.Build.0 = Release|Any CPU
		{889D2149-34F1-43AD-BC27-4811525C0471}.Release|x64.ActiveCfg = Release|Any CPU
		{889D2149-34F1-43AD-BC27-4811525C0471}.Release|x64.Build.0 = Release|Any CPU
		{889D2149-34F1-43AD-BC27-4811525C0471}.Release|x86.ActiveCfg = Release|Any CPU
		{889D2149-34F1-43AD-BC27-4811525C0471}.Release|x86.Build.0 = Release|Any CPU
		{AD2AD337-25B6-410B-BE94-FD167ABE6102}.Debug|Any CPU.ActiveCfg = Debug|Any CPU
		{AD2AD337-25B6-410B-BE94-FD167ABE6102}.Debug|Any CPU.Build.0 = Debug|Any CPU
		{AD2AD337-25B6-410B-BE94-FD167ABE6102}.Debug|ARM.ActiveCfg = Debug|ARM
		{AD2AD337-25B6-410B-BE94-FD167ABE6102}.Debug|ARM.Build.0 = Debug|ARM
		{AD2AD337-25B6-410B-BE94-FD167ABE6102}.Debug|x64.ActiveCfg = Debug|x64
		{AD2AD337-25B6-410B-BE94-FD167ABE6102}.Debug|x64.Build.0 = Debug|x64
		{AD2AD337-25B6-410B-BE94-FD167ABE6102}.Debug|x86.ActiveCfg = Debug|x86
		{AD2AD337-25B6-410B-BE94-FD167ABE6102}.Debug|x86.Build.0 = Debug|x86
		{AD2AD337-25B6-410B-BE94-FD167ABE6102}.Release|Any CPU.ActiveCfg = Release|Any CPU
		{AD2AD337-25B6-410B-BE94-FD167ABE6102}.Release|Any CPU.Build.0 = Release|Any CPU
		{AD2AD337-25B6-410B-BE94-FD167ABE6102}.Release|ARM.ActiveCfg = Release|ARM
		{AD2AD337-25B6-410B-BE94-FD167ABE6102}.Release|ARM.Build.0 = Release|ARM
		{AD2AD337-25B6-410B-BE94-FD167ABE6102}.Release|x64.ActiveCfg = Release|x64
		{AD2AD337-25B6-410B-BE94-FD167ABE6102}.Release|x64.Build.0 = Release|x64
		{AD2AD337-25B6-410B-BE94-FD167ABE6102}.Release|x86.ActiveCfg = Release|x86
		{AD2AD337-25B6-410B-BE94-FD167ABE6102}.Release|x86.Build.0 = Release|x86
		{7966168B-6BB2-44FD-90CE-1D61D59F477B}.Debug|Any CPU.ActiveCfg = Debug|Any CPU
		{7966168B-6BB2-44FD-90CE-1D61D59F477B}.Debug|Any CPU.Build.0 = Debug|Any CPU
		{7966168B-6BB2-44FD-90CE-1D61D59F477B}.Debug|ARM.ActiveCfg = Debug|ARM
		{7966168B-6BB2-44FD-90CE-1D61D59F477B}.Debug|ARM.Build.0 = Debug|ARM
		{7966168B-6BB2-44FD-90CE-1D61D59F477B}.Debug|x64.ActiveCfg = Debug|x64
		{7966168B-6BB2-44FD-90CE-1D61D59F477B}.Debug|x64.Build.0 = Debug|x64
		{7966168B-6BB2-44FD-90CE-1D61D59F477B}.Debug|x86.ActiveCfg = Debug|x86
		{7966168B-6BB2-44FD-90CE-1D61D59F477B}.Debug|x86.Build.0 = Debug|x86
		{7966168B-6BB2-44FD-90CE-1D61D59F477B}.Release|Any CPU.ActiveCfg = Release|Any CPU
		{7966168B-6BB2-44FD-90CE-1D61D59F477B}.Release|Any CPU.Build.0 = Release|Any CPU
		{7966168B-6BB2-44FD-90CE-1D61D59F477B}.Release|ARM.ActiveCfg = Release|ARM
		{7966168B-6BB2-44FD-90CE-1D61D59F477B}.Release|ARM.Build.0 = Release|ARM
		{7966168B-6BB2-44FD-90CE-1D61D59F477B}.Release|x64.ActiveCfg = Release|x64
		{7966168B-6BB2-44FD-90CE-1D61D59F477B}.Release|x64.Build.0 = Release|x64
		{7966168B-6BB2-44FD-90CE-1D61D59F477B}.Release|x86.ActiveCfg = Release|x86
		{7966168B-6BB2-44FD-90CE-1D61D59F477B}.Release|x86.Build.0 = Release|x86
		{366FC9E5-9D30-4D94-90F0-DB2AD0338C88}.Debug|Any CPU.ActiveCfg = Debug|Any CPU
		{366FC9E5-9D30-4D94-90F0-DB2AD0338C88}.Debug|Any CPU.Build.0 = Debug|Any CPU
		{366FC9E5-9D30-4D94-90F0-DB2AD0338C88}.Debug|ARM.ActiveCfg = Debug|ARM
		{366FC9E5-9D30-4D94-90F0-DB2AD0338C88}.Debug|ARM.Build.0 = Debug|ARM
		{366FC9E5-9D30-4D94-90F0-DB2AD0338C88}.Debug|x64.ActiveCfg = Debug|x64
		{366FC9E5-9D30-4D94-90F0-DB2AD0338C88}.Debug|x64.Build.0 = Debug|x64
		{366FC9E5-9D30-4D94-90F0-DB2AD0338C88}.Debug|x86.ActiveCfg = Debug|x86
		{366FC9E5-9D30-4D94-90F0-DB2AD0338C88}.Debug|x86.Build.0 = Debug|x86
		{366FC9E5-9D30-4D94-90F0-DB2AD0338C88}.Release|Any CPU.ActiveCfg = Release|Any CPU
		{366FC9E5-9D30-4D94-90F0-DB2AD0338C88}.Release|Any CPU.Build.0 = Release|Any CPU
		{366FC9E5-9D30-4D94-90F0-DB2AD0338C88}.Release|ARM.ActiveCfg = Release|ARM
		{366FC9E5-9D30-4D94-90F0-DB2AD0338C88}.Release|ARM.Build.0 = Release|ARM
		{366FC9E5-9D30-4D94-90F0-DB2AD0338C88}.Release|x64.ActiveCfg = Release|x64
		{366FC9E5-9D30-4D94-90F0-DB2AD0338C88}.Release|x64.Build.0 = Release|x64
		{366FC9E5-9D30-4D94-90F0-DB2AD0338C88}.Release|x86.ActiveCfg = Release|x86
		{366FC9E5-9D30-4D94-90F0-DB2AD0338C88}.Release|x86.Build.0 = Release|x86
		{B2C714E0-53D7-4FD1-A4F7-B7A3F686DCA0}.Debug|Any CPU.ActiveCfg = Debug|x86
		{B2C714E0-53D7-4FD1-A4F7-B7A3F686DCA0}.Debug|ARM.ActiveCfg = Debug|ARM
		{B2C714E0-53D7-4FD1-A4F7-B7A3F686DCA0}.Debug|ARM.Build.0 = Debug|ARM
		{B2C714E0-53D7-4FD1-A4F7-B7A3F686DCA0}.Debug|ARM.Deploy.0 = Debug|ARM
		{B2C714E0-53D7-4FD1-A4F7-B7A3F686DCA0}.Debug|x64.ActiveCfg = Debug|x64
		{B2C714E0-53D7-4FD1-A4F7-B7A3F686DCA0}.Debug|x64.Build.0 = Debug|x64
		{B2C714E0-53D7-4FD1-A4F7-B7A3F686DCA0}.Debug|x64.Deploy.0 = Debug|x64
		{B2C714E0-53D7-4FD1-A4F7-B7A3F686DCA0}.Debug|x86.ActiveCfg = Debug|x86
		{B2C714E0-53D7-4FD1-A4F7-B7A3F686DCA0}.Debug|x86.Build.0 = Debug|x86
		{B2C714E0-53D7-4FD1-A4F7-B7A3F686DCA0}.Debug|x86.Deploy.0 = Debug|x86
		{B2C714E0-53D7-4FD1-A4F7-B7A3F686DCA0}.Release|Any CPU.ActiveCfg = Release|x86
		{B2C714E0-53D7-4FD1-A4F7-B7A3F686DCA0}.Release|ARM.ActiveCfg = Release|ARM
		{B2C714E0-53D7-4FD1-A4F7-B7A3F686DCA0}.Release|ARM.Build.0 = Release|ARM
		{B2C714E0-53D7-4FD1-A4F7-B7A3F686DCA0}.Release|ARM.Deploy.0 = Release|ARM
		{B2C714E0-53D7-4FD1-A4F7-B7A3F686DCA0}.Release|x64.ActiveCfg = Release|x64
		{B2C714E0-53D7-4FD1-A4F7-B7A3F686DCA0}.Release|x64.Build.0 = Release|x64
		{B2C714E0-53D7-4FD1-A4F7-B7A3F686DCA0}.Release|x64.Deploy.0 = Release|x64
		{B2C714E0-53D7-4FD1-A4F7-B7A3F686DCA0}.Release|x86.ActiveCfg = Release|x86
		{B2C714E0-53D7-4FD1-A4F7-B7A3F686DCA0}.Release|x86.Build.0 = Release|x86
		{B2C714E0-53D7-4FD1-A4F7-B7A3F686DCA0}.Release|x86.Deploy.0 = Release|x86
	EndGlobalSection
	GlobalSection(SolutionProperties) = preSolution
		HideSolutionNode = FALSE
	EndGlobalSection
	GlobalSection(NestedProjects) = preSolution
		{AD2AD337-25B6-410B-BE94-FD167ABE6102} = {2376FA6D-F890-4811-905C-E43EC958F59D}
		{7966168B-6BB2-44FD-90CE-1D61D59F477B} = {449ABD49-E8F3-4D0C-8F5F-6E07053A4BA1}
		{B2C714E0-53D7-4FD1-A4F7-B7A3F686DCA0} = {2376FA6D-F890-4811-905C-E43EC958F59D}
	EndGlobalSection
EndGlobal
